
Microsoft Visual Studio Solution File, Format Version 12.00
# Visual Studio Version 16
VisualStudioVersion = 16.0.33801.447
MinimumVisualStudioVersion = 10.0.40219.1
Project("{FAE04EC0-301F-11D3-BF4B-00C04F79EFBC}") = "Ex01_01", "Ex01_01\Ex01_01.csproj", "{FBAC7636-CE54-4B28-A812-423B80A52220}"
EndProject
Project("{FAE04EC0-301F-11D3-BF4B-00C04F79EFBC}") = "Ex01_02", "Ex01_02\Ex01_02.csproj", "{E63FDB79-8926-4D7A-89D9-4240E45B4CE6}"
EndProject
Project("{FAE04EC0-301F-11D3-BF4B-00C04F79EFBC}") = "Ex01_03", "Ex01_03\Ex01_03.csproj", "{3D0702F4-ABE4-4F41-9E53-250C53B13B3E}"
EndProject
Project("{FAE04EC0-301F-11D3-BF4B-00C04F79EFBC}") = "Ex01_04", "Ex01_04\Ex01_04.csproj", "{28EA08D7-7AFA-43DA-B56C-50B173F07EA6}"
EndProject
Project("{FAE04EC0-301F-11D3-BF4B-00C04F79EFBC}") = "Ex01_05", "Ex01_05\Ex01_05.csproj", "{65826C16-257C-4C24-835F-69C9C85FFEC8}"
EndProject
Global
	GlobalSection(SolutionConfigurationPlatforms) = preSolution
		Debug|Any CPU = Debug|Any CPU
		Release|Any CPU = Release|Any CPU
	EndGlobalSection
	GlobalSection(ProjectConfigurationPlatforms) = postSolution
		{FBAC7636-CE54-4B28-A812-423B80A52220}.Debug|Any CPU.ActiveCfg = Debug|Any CPU
		{FBAC7636-CE54-4B28-A812-423B80A52220}.Debug|Any CPU.Build.0 = Debug|Any CPU
		{FBAC7636-CE54-4B28-A812-423B80A52220}.Release|Any CPU.ActiveCfg = Release|Any CPU
		{FBAC7636-CE54-4B28-A812-423B80A52220}.Release|Any CPU.Build.0 = Release|Any CPU
		{E63FDB79-8926-4D7A-89D9-4240E45B4CE6}.Debug|Any CPU.ActiveCfg = Debug|Any CPU
		{E63FDB79-8926-4D7A-89D9-4240E45B4CE6}.Debug|Any CPU.Build.0 = Debug|Any CPU
		{E63FDB79-8926-4D7A-89D9-4240E45B4CE6}.Release|Any CPU.ActiveCfg = Release|Any CPU
		{E63FDB79-8926-4D7A-89D9-4240E45B4CE6}.Release|Any CPU.Build.0 = Release|Any CPU
		{3D0702F4-ABE4-4F41-9E53-250C53B13B3E}.Debug|Any CPU.ActiveCfg = Debug|Any CPU
		{3D0702F4-ABE4-4F41-9E53-250C53B13B3E}.Debug|Any CPU.Build.0 = Debug|Any CPU
		{3D0702F4-ABE4-4F41-9E53-250C53B13B3E}.Release|Any CPU.ActiveCfg = Release|Any CPU
		{3D0702F4-ABE4-4F41-9E53-250C53B13B3E}.Release|Any CPU.Build.0 = Release|Any CPU
		{28EA08D7-7AFA-43DA-B56C-50B173F07EA6}.Debug|Any CPU.ActiveCfg = Debug|Any CPU
		{28EA08D7-7AFA-43DA-B56C-50B173F07EA6}.Debug|Any CPU.Build.0 = Debug|Any CPU
		{28EA08D7-7AFA-43DA-B56C-50B173F07EA6}.Release|Any CPU.ActiveCfg = Release|Any CPU
		{28EA08D7-7AFA-43DA-B56C-50B173F07EA6}.Release|Any CPU.Build.0 = Release|Any CPU
		{65826C16-257C-4C24-835F-69C9C85FFEC8}.Debug|Any CPU.ActiveCfg = Debug|Any CPU
		{65826C16-257C-4C24-835F-69C9C85FFEC8}.Debug|Any CPU.Build.0 = Debug|Any CPU
		{65826C16-257C-4C24-835F-69C9C85FFEC8}.Release|Any CPU.ActiveCfg = Release|Any CPU
		{65826C16-257C-4C24-835F-69C9C85FFEC8}.Release|Any CPU.Build.0 = Release|Any CPU
	EndGlobalSection
	GlobalSection(SolutionProperties) = preSolution
		HideSolutionNode = FALSE
	EndGlobalSection
	GlobalSection(ExtensibilityGlobals) = postSolution
		SolutionGuid = {F683474B-CC91-4536-B00A-33231217A61F}
	EndGlobalSection
EndGlobal
